
Microsoft Visual Studio Solution File, Format Version 12.00
# Visual Studio Version 16
VisualStudioVersion = 16.0.28803.202
MinimumVisualStudioVersion = 10.0.40219.1
Project("{FAE04EC0-301F-11D3-BF4B-00C04F79EFBC}") = "[SKYNET] Steam Connection", "[SKYNET] Steam Connection\[SKYNET] Steam Connection.csproj", "{61D0E859-9B32-40A6-8D90-4A9692EC686A}"
EndProject
Project("{FAE04EC0-301F-11D3-BF4B-00C04F79EFBC}") = "[SKYNET] Steam Connection Client", "[SKYNET] Steam Connection Client\[SKYNET] Steam Connection Client.csproj", "{9A02565F-B8E9-4ED4-A8E6-3E131882D6AB}"
EndProject
Project("{FAE04EC0-301F-11D3-BF4B-00C04F79EFBC}") = "[SKYNET] Steam Connection Manager", "[SKYNET] Steam Connection Manager\[SKYNET] Steam Connection Manager.csproj", "{042EED49-F1C2-4E0E-B401-F5FC73C67737}"
EndProject
Global
	GlobalSection(SolutionConfigurationPlatforms) = preSolution
		Debug|Any CPU = Debug|Any CPU
		Release|Any CPU = Release|Any CPU
	EndGlobalSection
	GlobalSection(ProjectConfigurationPlatforms) = postSolution
		{61D0E859-9B32-40A6-8D90-4A9692EC686A}.Debug|Any CPU.ActiveCfg = Debug|Any CPU
		{61D0E859-9B32-40A6-8D90-4A9692EC686A}.Debug|Any CPU.Build.0 = Debug|Any CPU
		{61D0E859-9B32-40A6-8D90-4A9692EC686A}.Release|Any CPU.ActiveCfg = Release|Any CPU
		{61D0E859-9B32-40A6-8D90-4A9692EC686A}.Release|Any CPU.Build.0 = Release|Any CPU
		{9A02565F-B8E9-4ED4-A8E6-3E131882D6AB}.Debug|Any CPU.ActiveCfg = Debug|Any CPU
		{9A02565F-B8E9-4ED4-A8E6-3E131882D6AB}.Debug|Any CPU.Build.0 = Debug|Any CPU
		{9A02565F-B8E9-4ED4-A8E6-3E131882D6AB}.Release|Any CPU.ActiveCfg = Release|Any CPU
		{9A02565F-B8E9-4ED4-A8E6-3E131882D6AB}.Release|Any CPU.Build.0 = Release|Any CPU
		{042EED49-F1C2-4E0E-B401-F5FC73C67737}.Debug|Any CPU.ActiveCfg = Debug|Any CPU
		{042EED49-F1C2-4E0E-B401-F5FC73C67737}.Debug|Any CPU.Build.0 = Debug|Any CPU
		{042EED49-F1C2-4E0E-B401-F5FC73C67737}.Release|Any CPU.ActiveCfg = Release|Any CPU
		{042EED49-F1C2-4E0E-B401-F5FC73C67737}.Release|Any CPU.Build.0 = Release|Any CPU
	EndGlobalSection
	GlobalSection(SolutionProperties) = preSolution
		HideSolutionNode = FALSE
	EndGlobalSection
	GlobalSection(ExtensibilityGlobals) = postSolution
		SolutionGuid = {7562DDBD-F2F7-4B2F-BC3B-83407D8ADC2A}
	EndGlobalSection
EndGlobal
